
Microsoft Visual Studio Solution File, Format Version 12.00
# Visual Studio Version 17
VisualStudioVersion = 17.4.33213.308
MinimumVisualStudioVersion = 10.0.40219.1
Project("{FAE04EC0-301F-11D3-BF4B-00C04F79EFBC}") = "TestMinimalAPI", "TestMinimalAPI\TestMinimalAPI.csproj", "{D7AEB14E-BE7E-4F72-B5E7-3BCA93D1F346}"
EndProject
Global
	GlobalSection(SolutionConfigurationPlatforms) = preSolution
		Debug|Any CPU = Debug|Any CPU
		Release|Any CPU = Release|Any CPU
	EndGlobalSection
	GlobalSection(ProjectConfigurationPlatforms) = postSolution
		{D7AEB14E-BE7E-4F72-B5E7-3BCA93D1F346}.Debug|Any CPU.ActiveCfg = Debug|Any CPU
		{D7AEB14E-BE7E-4F72-B5E7-3BCA93D1F346}.Debug|Any CPU.Build.0 = Debug|Any CPU
		{D7AEB14E-BE7E-4F72-B5E7-3BCA93D1F346}.Release|Any CPU.ActiveCfg = Release|Any CPU
		{D7AEB14E-BE7E-4F72-B5E7-3BCA93D1F346}.Release|Any CPU.Build.0 = Release|Any CPU
	EndGlobalSection
	GlobalSection(SolutionProperties) = preSolution
		HideSolutionNode = FALSE
	EndGlobalSection
	GlobalSection(ExtensibilityGlobals) = postSolution
		SolutionGuid = {1F1F8788-5C55-46E2-80F4-CF30811ED9CB}
	EndGlobalSection
EndGlobal
